
Microsoft Visual Studio Solution File, Format Version 12.00
# Visual Studio 14
VisualStudioVersion = 14.0.25420.1
MinimumVisualStudioVersion = 10.0.40219.1
Project("{FAE04EC0-301F-11D3-BF4B-00C04F79EFBC}") = "WebLab", "WebLab\WebLab.csproj", "{381B6850-0D5A-49D3-872E-00018ECDFF97}"
EndProject
Project("{2150E333-8FDC-42A3-9474-1A3956D46DE8}") = "src", "src", "{A9D0E383-ABCF-4A3A-B1D3-318568F5DDBD}"
EndProject
Project("{2150E333-8FDC-42A3-9474-1A3956D46DE8}") = "test", "test", "{5B5CE885-2603-4EA7-A67A-1B9217D33740}"
EndProject
Project("{FAE04EC0-301F-11D3-BF4B-00C04F79EFBC}") = "WebLabTest", "WebLabTest\WebLabTest.csproj", "{45C64F5A-F83E-4C0D-811F-B32A93285F4E}"
EndProject
Global
	GlobalSection(SolutionConfigurationPlatforms) = preSolution
		Debug|Any CPU = Debug|Any CPU
		Release|Any CPU = Release|Any CPU
	EndGlobalSection
	GlobalSection(ProjectConfigurationPlatforms) = postSolution
		{381B6850-0D5A-49D3-872E-00018ECDFF97}.Debug|Any CPU.ActiveCfg = Debug|Any CPU
		{381B6850-0D5A-49D3-872E-00018ECDFF97}.Debug|Any CPU.Build.0 = Debug|Any CPU
		{381B6850-0D5A-49D3-872E-00018ECDFF97}.Release|Any CPU.ActiveCfg = Release|Any CPU
		{381B6850-0D5A-49D3-872E-00018ECDFF97}.Release|Any CPU.Build.0 = Release|Any CPU
		{45C64F5A-F83E-4C0D-811F-B32A93285F4E}.Debug|Any CPU.ActiveCfg = Debug|Any CPU
		{45C64F5A-F83E-4C0D-811F-B32A93285F4E}.Debug|Any CPU.Build.0 = Debug|Any CPU
		{45C64F5A-F83E-4C0D-811F-B32A93285F4E}.Release|Any CPU.ActiveCfg = Release|Any CPU
		{45C64F5A-F83E-4C0D-811F-B32A93285F4E}.Release|Any CPU.Build.0 = Release|Any CPU
	EndGlobalSection
	GlobalSection(SolutionProperties) = preSolution
		HideSolutionNode = FALSE
	EndGlobalSection
	GlobalSection(NestedProjects) = preSolution
		{381B6850-0D5A-49D3-872E-00018ECDFF97} = {A9D0E383-ABCF-4A3A-B1D3-318568F5DDBD}
		{45C64F5A-F83E-4C0D-811F-B32A93285F4E} = {5B5CE885-2603-4EA7-A67A-1B9217D33740}
	EndGlobalSection
EndGlobal
